
Microsoft Visual Studio Solution File, Format Version 12.00
# Visual Studio Version 17
VisualStudioVersion = 17.4.33122.133
MinimumVisualStudioVersion = 10.0.40219.1
Project("{FAE04EC0-301F-11D3-BF4B-00C04F79EFBC}") = "TCPServer", "TCPServer.csproj", "{726A915C-10E0-4DBF-B7B7-EDF0CF615442}"
EndProject
Project("{FAE04EC0-301F-11D3-BF4B-00C04F79EFBC}") = "TCPClient", "..\TCPClient\TCPClient.csproj", "{057A79D4-882A-42D4-A4C7-E290087B875B}"
EndProject
Global
	GlobalSection(SolutionConfigurationPlatforms) = preSolution
		Debug|Any CPU = Debug|Any CPU
		Release|Any CPU = Release|Any CPU
	EndGlobalSection
	GlobalSection(ProjectConfigurationPlatforms) = postSolution
		{726A915C-10E0-4DBF-B7B7-EDF0CF615442}.Debug|Any CPU.ActiveCfg = Debug|Any CPU
		{726A915C-10E0-4DBF-B7B7-EDF0CF615442}.Debug|Any CPU.Build.0 = Debug|Any CPU
		{726A915C-10E0-4DBF-B7B7-EDF0CF615442}.Release|Any CPU.ActiveCfg = Release|Any CPU
		{726A915C-10E0-4DBF-B7B7-EDF0CF615442}.Release|Any CPU.Build.0 = Release|Any CPU
		{057A79D4-882A-42D4-A4C7-E290087B875B}.Debug|Any CPU.ActiveCfg = Debug|Any CPU
		{057A79D4-882A-42D4-A4C7-E290087B875B}.Debug|Any CPU.Build.0 = Debug|Any CPU
		{057A79D4-882A-42D4-A4C7-E290087B875B}.Release|Any CPU.ActiveCfg = Release|Any CPU
		{057A79D4-882A-42D4-A4C7-E290087B875B}.Release|Any CPU.Build.0 = Release|Any CPU
	EndGlobalSection
	GlobalSection(SolutionProperties) = preSolution
		HideSolutionNode = FALSE
	EndGlobalSection
	GlobalSection(ExtensibilityGlobals) = postSolution
		SolutionGuid = {0EA6CA9A-FFAA-41AC-84F5-C8D4569A9F83}
	EndGlobalSection
EndGlobal
